
Microsoft Visual Studio Solution File, Format Version 12.00
# Visual Studio Version 16
VisualStudioVersion = 16.0.29920.165
MinimumVisualStudioVersion = 10.0.40219.1
Project("{FAE04EC0-301F-11D3-BF4B-00C04F79EFBC}") = "KillProcessService", "KillProcessService\KillProcessService.csproj", "{565F7AF6-77D0-4188-9DDD-335CDC63F83D}"
EndProject
Project("{FAE04EC0-301F-11D3-BF4B-00C04F79EFBC}") = "KillProcessInstaller", "KillProcessInstaller\KillProcessInstaller.csproj", "{F96EE5F3-60D8-4BE5-96DC-8AE067D3F83B}"
EndProject
Global
	GlobalSection(SolutionConfigurationPlatforms) = preSolution
		Debug|Any CPU = Debug|Any CPU
		Release|Any CPU = Release|Any CPU
	EndGlobalSection
	GlobalSection(ProjectConfigurationPlatforms) = postSolution
		{565F7AF6-77D0-4188-9DDD-335CDC63F83D}.Debug|Any CPU.ActiveCfg = Debug|Any CPU
		{565F7AF6-77D0-4188-9DDD-335CDC63F83D}.Debug|Any CPU.Build.0 = Debug|Any CPU
		{565F7AF6-77D0-4188-9DDD-335CDC63F83D}.Release|Any CPU.ActiveCfg = Release|Any CPU
		{565F7AF6-77D0-4188-9DDD-335CDC63F83D}.Release|Any CPU.Build.0 = Release|Any CPU
		{F96EE5F3-60D8-4BE5-96DC-8AE067D3F83B}.Debug|Any CPU.ActiveCfg = Debug|Any CPU
		{F96EE5F3-60D8-4BE5-96DC-8AE067D3F83B}.Debug|Any CPU.Build.0 = Debug|Any CPU
		{F96EE5F3-60D8-4BE5-96DC-8AE067D3F83B}.Release|Any CPU.ActiveCfg = Release|Any CPU
		{F96EE5F3-60D8-4BE5-96DC-8AE067D3F83B}.Release|Any CPU.Build.0 = Release|Any CPU
	EndGlobalSection
	GlobalSection(SolutionProperties) = preSolution
		HideSolutionNode = FALSE
	EndGlobalSection
	GlobalSection(ExtensibilityGlobals) = postSolution
		SolutionGuid = {64929341-85AD-4300-8727-829A5F0E9FCE}
	EndGlobalSection
EndGlobal
